{
  "name": "sl_rtc",
  "version": "0.1.0",
  "lockfileVersion": 1,
  "requires": true,
  "dependencies": {
    "@types/es6-promise": {
      "version": "0.0.33",
      "resolved": "https://registry.npmjs.org/@types/es6-promise/-/es6-promise-0.0.33.tgz",
      "integrity": "sha512-HKJFVLCGrWQ/1unEw8JdaTxu6n3EUxmwTxJ6D0O1x0gD8joCsgoTWxEgevb7fp2XIogNjof3KEd+3bJoGne/nw==",
      "dev": true
    },
    "@types/js-cookie": {
      "version": "2.1.0",
      "resolved": "https://registry.npmjs.org/@types/js-cookie/-/js-cookie-2.1.0.tgz",
      "integrity": "sha512-vPT5MV1pD71RFUD0ytp6Yw51W6zKJ9Qn2AcJXSD2TZqYKaXUtCxB3WZIXXFZtbAEVMgC59nmvVPSOH0EIvkaZg==",
      "dev": true
    },
    "@types/sprintf": {
      "version": "0.1.0",
      "resolved": "https://registry.npmjs.org/@types/sprintf/-/sprintf-0.1.0.tgz",
      "integrity": "sha512-2nCrar+IHBF8avAipoO3MmZm+pe3haEM/jD+4TeDaGmrBT7CdJb/k0jQ5HomtXgsScuV3ud/GoFuv7kUDe4Vfw==",
      "dev": true
    },
    "debug": {
      "version": "2.6.9",
      "resolved": "https://registry.npmjs.org/debug/-/debug-2.6.9.tgz",
      "integrity": "sha512-bC7ElrdJaJnPbAP+1EotYvqZsb3ecl5wi6Bfi6BJTUcNowp6cvspg0jXznRTKDjm/E7AdgFBVeAPVMNcKGsHMA==",
      "requires": {
        "ms": "2.0.0"
      }
    },
    "es6-promise": {
      "version": "4.1.1",
      "resolved": "https://registry.npmjs.org/es6-promise/-/es6-promise-4.1.1.tgz",
      "integrity": "sha512-OaU1hHjgJf+b0NzsxCg7NdIYERD6Hy/PEmFLTjw+b65scuisG3Kt4QoTvJ66BBkPZ581gr0kpoVzKnxniM8nng=="
    },
    "js-cookie": {
      "version": "2.1.4",
      "resolved": "https://registry.npmjs.org/js-cookie/-/js-cookie-2.1.4.tgz",
      "integrity": "sha1-2k7FA4ZvFJ0WTPJfV57zEBUCXY0="
    },
    "jssip-sl": {
      "version": "3.0.9",
      "resolved": "https://registry.npmjs.org/jssip-sl/-/jssip-sl-3.0.9.tgz",
      "integrity": "sha512-tqxg3vgpY4CdI6z8cgkMeHD6CMAdafxXI3A4ZssZiAuy2rhuSv5TfnFyvxKuY8Yew9Ia9cqdD6CKA+51mKWN2Q==",
      "requires": {
        "debug": "2.6.9",
        "sdp-transform": "2.3.0"
      }
    },
    "ms": {
      "version": "2.0.0",
      "resolved": "https://registry.npmjs.org/ms/-/ms-2.0.0.tgz",
      "integrity": "sha1-VgiurfwAvmwpAd9fmGF4jeDVl8g="
    },
    "rtcpeerconnection-shim": {
      "version": "1.1.13",
      "resolved": "https://registry.npmjs.org/rtcpeerconnection-shim/-/rtcpeerconnection-shim-1.1.13.tgz",
      "integrity": "sha512-sZLwoAIdqCBq2Zaz/i+7ahBmsfnsvHByJW0eQaBn84NycRS9p+5dAQJh4aDnAYwoaNV3wgHGWD83rpP0m5UVKA==",
      "requires": {
        "sdp": "2.4.0"
      }
    },
    "sdp": {
      "version": "2.4.0",
      "resolved": "https://registry.npmjs.org/sdp/-/sdp-2.4.0.tgz",
      "integrity": "sha512-jPGv4dVJbxHByE6WYTIp+p9fkn2q9bSIvOpjMGqSdXdrRXs48JBOdVf+mnF3PjV8jNTZOZ0kN0Ncl68Y6TlYgg=="
    },
    "sdp-interop-sl": {
      "version": "1.4.2",
      "resolved": "https://registry.npmjs.org/sdp-interop-sl/-/sdp-interop-sl-1.4.2.tgz",
      "integrity": "sha512-ZhaV/rYs0PHXa+VjBdyMP53j+nq3V1uecHMMUCoazovjzoh/dVM7xHIOlwcmKBzOHsgXxGa66opVcrGZ9dIIrQ==",
      "requires": {
        "sdp-transform": "1.5.3"
      },
      "dependencies": {
        "sdp-transform": {
          "version": "1.5.3",
          "resolved": "https://registry.npmjs.org/sdp-transform/-/sdp-transform-1.5.3.tgz",
          "integrity": "sha1-im0Pi9aZzjq8MQuksc3lmJKKCBY="
        }
      }
    },
    "sdp-transform": {
      "version": "2.3.0",
      "resolved": "https://registry.npmjs.org/sdp-transform/-/sdp-transform-2.3.0.tgz",
      "integrity": "sha1-V6lXWUIEHYV3qGnXx01MOgvYiPY="
    },
    "sprintf": {
      "version": "0.1.5",
      "resolved": "https://registry.npmjs.org/sprintf/-/sprintf-0.1.5.tgz",
      "integrity": "sha1-j4PjmpMXwaUCy324BQ5Rxnn27c8="
    },
    "typescript": {
      "version": "2.5.3",
      "resolved": "https://registry.npmjs.org/typescript/-/typescript-2.5.3.tgz",
      "integrity": "sha512-ptLSQs2S4QuS6/OD1eAKG+S5G8QQtrU5RT32JULdZQtM1L3WTi34Wsu48Yndzi8xsObRAB9RPt/KhA9wlpEF6w==",
      "dev": true
    },
    "webrtc-adapter": {
      "version": "5.0.4",
      "resolved": "https://registry.npmjs.org/webrtc-adapter/-/webrtc-adapter-5.0.4.tgz",
      "integrity": "sha512-cxwkubqUycI0NVBfRz/x8nSo1l8MAdXd29FrCyfOlpE9/TeS1uUc2ZUZhTWc0gE47VebFSq1e8VAciNre5ranA==",
      "requires": {
        "rtcpeerconnection-shim": "1.1.13",
        "sdp": "2.4.0"
      }
    }
  }
}
